
Microsoft Visual Studio Solution File, Format Version 12.00
# Visual Studio Version 16
VisualStudioVersion = 16.0.31005.135
MinimumVisualStudioVersion = 10.0.40219.1
Project("{FAE04EC0-301F-11D3-BF4B-00C04F79EFBC}") = "Grupos", "Grupos.csproj", "{699435C4-B8CD-4C56-8B68-10FA74400693}"
EndProject
Global
	GlobalSection(SolutionConfigurationPlatforms) = preSolution
		Debug|Any CPU = Debug|Any CPU
		Release|Any CPU = Release|Any CPU
	EndGlobalSection
	GlobalSection(ProjectConfigurationPlatforms) = postSolution
		{699435C4-B8CD-4C56-8B68-10FA74400693}.Debug|Any CPU.ActiveCfg = Debug|Any CPU
		{699435C4-B8CD-4C56-8B68-10FA74400693}.Debug|Any CPU.Build.0 = Debug|Any CPU
		{699435C4-B8CD-4C56-8B68-10FA74400693}.Release|Any CPU.ActiveCfg = Release|Any CPU
		{699435C4-B8CD-4C56-8B68-10FA74400693}.Release|Any CPU.Build.0 = Release|Any CPU
	EndGlobalSection
	GlobalSection(SolutionProperties) = preSolution
		HideSolutionNode = FALSE
	EndGlobalSection
	GlobalSection(ExtensibilityGlobals) = postSolution
		SolutionGuid = {F4361A19-3451-40B5-9D2A-2558F4D92A61}
	EndGlobalSection
EndGlobal
